
Microsoft Visual Studio Solution File, Format Version 12.00
# Visual Studio Version 16
VisualStudioVersion = 16.0.30320.27
MinimumVisualStudioVersion = 10.0.40219.1
Project("{9A19103F-16F7-4668-BE54-9A1E7A4F7556}") = "PersonDetailsApi", "PersonDetailsApi\PersonDetailsApi.csproj", "{17D1FC70-2833-414F-A069-8F8D904C2422}"
EndProject
Project("{FAE04EC0-301F-11D3-BF4B-00C04F79EFBC}") = "PersonDetails.DAL", "PersonDetails.DAL\PersonDetails.DAL.csproj", "{D67617C4-335B-4C4A-BC9E-BEAED275FAC9}"
EndProject
Project("{FAE04EC0-301F-11D3-BF4B-00C04F79EFBC}") = "PersonDetails.BLL", "PersonDetails.BLL\PersonDetails.BLL.csproj", "{46CB2D6B-16DB-48BB-A573-24EF620FC3D6}"
EndProject
Project("{FAE04EC0-301F-11D3-BF4B-00C04F79EFBC}") = "DTO", "DTO\DTO.csproj", "{698C0045-B612-47EF-8866-8E4192B7A4CE}"
EndProject
Global
	GlobalSection(SolutionConfigurationPlatforms) = preSolution
		Debug|Any CPU = Debug|Any CPU
		Release|Any CPU = Release|Any CPU
	EndGlobalSection
	GlobalSection(ProjectConfigurationPlatforms) = postSolution
		{17D1FC70-2833-414F-A069-8F8D904C2422}.Debug|Any CPU.ActiveCfg = Debug|Any CPU
		{17D1FC70-2833-414F-A069-8F8D904C2422}.Debug|Any CPU.Build.0 = Debug|Any CPU
		{17D1FC70-2833-414F-A069-8F8D904C2422}.Release|Any CPU.ActiveCfg = Release|Any CPU
		{17D1FC70-2833-414F-A069-8F8D904C2422}.Release|Any CPU.Build.0 = Release|Any CPU
		{D67617C4-335B-4C4A-BC9E-BEAED275FAC9}.Debug|Any CPU.ActiveCfg = Debug|Any CPU
		{D67617C4-335B-4C4A-BC9E-BEAED275FAC9}.Debug|Any CPU.Build.0 = Debug|Any CPU
		{D67617C4-335B-4C4A-BC9E-BEAED275FAC9}.Release|Any CPU.ActiveCfg = Release|Any CPU
		{D67617C4-335B-4C4A-BC9E-BEAED275FAC9}.Release|Any CPU.Build.0 = Release|Any CPU
		{46CB2D6B-16DB-48BB-A573-24EF620FC3D6}.Debug|Any CPU.ActiveCfg = Debug|Any CPU
		{46CB2D6B-16DB-48BB-A573-24EF620FC3D6}.Debug|Any CPU.Build.0 = Debug|Any CPU
		{46CB2D6B-16DB-48BB-A573-24EF620FC3D6}.Release|Any CPU.ActiveCfg = Release|Any CPU
		{46CB2D6B-16DB-48BB-A573-24EF620FC3D6}.Release|Any CPU.Build.0 = Release|Any CPU
		{698C0045-B612-47EF-8866-8E4192B7A4CE}.Debug|Any CPU.ActiveCfg = Debug|Any CPU
		{698C0045-B612-47EF-8866-8E4192B7A4CE}.Debug|Any CPU.Build.0 = Debug|Any CPU
		{698C0045-B612-47EF-8866-8E4192B7A4CE}.Release|Any CPU.ActiveCfg = Release|Any CPU
		{698C0045-B612-47EF-8866-8E4192B7A4CE}.Release|Any CPU.Build.0 = Release|Any CPU
	EndGlobalSection
	GlobalSection(SolutionProperties) = preSolution
		HideSolutionNode = FALSE
	EndGlobalSection
	GlobalSection(ExtensibilityGlobals) = postSolution
		SolutionGuid = {64702618-E258-4E39-9172-758F395533FD}
	EndGlobalSection
EndGlobal
